// !$*UTF8*$!
{
	archiveVersion = 1;
	classes = {
	};
	objectVersion = 60;
	objects = {

/* Begin PBXBuildFile section */
		0CB865C3D4B47DA087E286C6 /* Pods_todo_app_todo_appUITests.framework in Frameworks */ = {isa = PBXBuildFile; fileRef = 737A4E23150E3B0FF3829D02 /* Pods_todo_app_todo_appUITests.framework */; };
		4F04DD3E2C416A42008F98D3 /* CocoaLumberjack in Frameworks */ = {isa = PBXBuildFile; productRef = 4F04DD3D2C416A42008F98D3 /* CocoaLumberjack */; };
		4F04DD402C416A42008F98D3 /* CocoaLumberjackSwift in Frameworks */ = {isa = PBXBuildFile; productRef = 4F04DD3F2C416A42008F98D3 /* CocoaLumberjackSwift */; };
		4F04DD422C416A42008F98D3 /* CocoaLumberjackSwiftLogBackend in Frameworks */ = {isa = PBXBuildFile; productRef = 4F04DD412C416A42008F98D3 /* CocoaLumberjackSwiftLogBackend */; };
		4F2401082C24C668008E5935 /* todo_appApp.swift in Sources */ = {isa = PBXBuildFile; fileRef = 4F2401072C24C668008E5935 /* todo_appApp.swift */; };
		4F24010C2C24C669008E5935 /* Assets.xcassets in Resources */ = {isa = PBXBuildFile; fileRef = 4F24010B2C24C669008E5935 /* Assets.xcassets */; };
		4F24010F2C24C669008E5935 /* Preview Assets.xcassets in Resources */ = {isa = PBXBuildFile; fileRef = 4F24010E2C24C669008E5935 /* Preview Assets.xcassets */; };
		4F2401232C24C669008E5935 /* todo_appUITests.swift in Sources */ = {isa = PBXBuildFile; fileRef = 4F2401222C24C669008E5935 /* todo_appUITests.swift */; };
		4F2401252C24C669008E5935 /* todo_appUITestsLaunchTests.swift in Sources */ = {isa = PBXBuildFile; fileRef = 4F2401242C24C669008E5935 /* todo_appUITestsLaunchTests.swift */; };
		4F2401402C25CD1C008E5935 /* TodoItemTests.swift in Sources */ = {isa = PBXBuildFile; fileRef = 4F24013F2C25CD1C008E5935 /* TodoItemTests.swift */; };
		4F26FF062C35D5B0003FCE3A /* DateCollectionViewCell.swift in Sources */ = {isa = PBXBuildFile; fileRef = 4F26FF052C35D5B0003FCE3A /* DateCollectionViewCell.swift */; };
		4F26FF082C35DA15003FCE3A /* UIColor+hex.swift in Sources */ = {isa = PBXBuildFile; fileRef = 4F26FF072C35DA15003FCE3A /* UIColor+hex.swift */; };
		4F26FF0A2C35DA9B003FCE3A /* Color+hex.swift in Sources */ = {isa = PBXBuildFile; fileRef = 4F26FF092C35DA9B003FCE3A /* Color+hex.swift */; };
		4F36DF842C34918200339684 /* CalendarViewController.swift in Sources */ = {isa = PBXBuildFile; fileRef = 4F36DF832C34918200339684 /* CalendarViewController.swift */; };
		4F36DF872C34929B00339684 /* UIView+pin.swift in Sources */ = {isa = PBXBuildFile; fileRef = 4F36DF862C34929B00339684 /* UIView+pin.swift */; };
		4F36DF892C34983300339684 /* CalendarViewRepresentable.swift in Sources */ = {isa = PBXBuildFile; fileRef = 4F36DF882C34983300339684 /* CalendarViewRepresentable.swift */; };
		4F36DF8B2C349CBF00339684 /* Date+getString.swift in Sources */ = {isa = PBXBuildFile; fileRef = 4F36DF8A2C349CBF00339684 /* Date+getString.swift */; };
		4F7D23EE2C38BE3800831299 /* TodoLastRowButton.swift in Sources */ = {isa = PBXBuildFile; fileRef = 4F7D23ED2C38BE3800831299 /* TodoLastRowButton.swift */; };
		4F7D23F42C38CAFB00831299 /* TodoItemTableViewCell.swift in Sources */ = {isa = PBXBuildFile; fileRef = 4F7D23F32C38CAFB00831299 /* TodoItemTableViewCell.swift */; };
		4FA7AC1F2C41BC20001F4CC2 /* FileCache in Frameworks */ = {isa = PBXBuildFile; productRef = 4FA7AC1E2C41BC20001F4CC2 /* FileCache */; };
		4FA7AC242C41C462001F4CC2 /* URLSession+dataTask.swift in Sources */ = {isa = PBXBuildFile; fileRef = 4FA7AC232C41C462001F4CC2 /* URLSession+dataTask.swift */; };
		4FBB48282C373DF000E29CC5 /* TodoListViewModel.swift in Sources */ = {isa = PBXBuildFile; fileRef = 4FBB48272C373DF000E29CC5 /* TodoListViewModel.swift */; };
		4FD483322C2EE8C500DED81A /* TodoListView.swift in Sources */ = {isa = PBXBuildFile; fileRef = 4FD483312C2EE8C500DED81A /* TodoListView.swift */; };
		4FD483362C2EEA0800DED81A /* Localizable.xcstrings in Resources */ = {isa = PBXBuildFile; fileRef = 4FD483352C2EEA0800DED81A /* Localizable.xcstrings */; };
		4FD483392C2EF21700DED81A /* CommonAddButton.swift in Sources */ = {isa = PBXBuildFile; fileRef = 4FD483382C2EF21700DED81A /* CommonAddButton.swift */; };
		4FD4833C2C2EF70B00DED81A /* TodoRowView.swift in Sources */ = {isa = PBXBuildFile; fileRef = 4FD4833B2C2EF70B00DED81A /* TodoRowView.swift */; };
		4FD4833F2C2F043000DED81A /* DetailsView.swift in Sources */ = {isa = PBXBuildFile; fileRef = 4FD4833E2C2F043000DED81A /* DetailsView.swift */; };
		4FD483412C2F1DE000DED81A /* CommonImportancePickerView.swift in Sources */ = {isa = PBXBuildFile; fileRef = 4FD483402C2F1DDF00DED81A /* CommonImportancePickerView.swift */; };
		4FD483432C2F235400DED81A /* CommonDatePickerView.swift in Sources */ = {isa = PBXBuildFile; fileRef = 4FD483422C2F235400DED81A /* CommonDatePickerView.swift */; };
		4FD483472C2F6B0000DED81A /* CommonColorPickerView.swift in Sources */ = {isa = PBXBuildFile; fileRef = 4FD483462C2F6B0000DED81A /* CommonColorPickerView.swift */; };
		4FFB22A42C41CD660054EE6F /* URLSessionTests.swift in Sources */ = {isa = PBXBuildFile; fileRef = 4FFB22A32C41CD660054EE6F /* URLSessionTests.swift */; };
		52B65D74AE9D1D2254A58806 /* Pods_todo_appTests.framework in Frameworks */ = {isa = PBXBuildFile; fileRef = F1724BEDD075BBA19BE0E849 /* Pods_todo_appTests.framework */; };
		E6DE28B0EAE0844F554BD4E3 /* Pods_todo_app.framework in Frameworks */ = {isa = PBXBuildFile; fileRef = 84DD08A74F5C62A20141A1F3 /* Pods_todo_app.framework */; };
/* End PBXBuildFile section */

/* Begin PBXContainerItemProxy section */
		4F2401152C24C669008E5935 /* PBXContainerItemProxy */ = {
			isa = PBXContainerItemProxy;
			containerPortal = 4F2400FC2C24C668008E5935 /* Project object */;
			proxyType = 1;
			remoteGlobalIDString = 4F2401032C24C668008E5935;
			remoteInfo = todo_app;
		};
		4F24011F2C24C669008E5935 /* PBXContainerItemProxy */ = {
			isa = PBXContainerItemProxy;
			containerPortal = 4F2400FC2C24C668008E5935 /* Project object */;
			proxyType = 1;
			remoteGlobalIDString = 4F2401032C24C668008E5935;
			remoteInfo = todo_app;
		};
/* End PBXContainerItemProxy section */

/* Begin PBXFileReference section */
		4342AE9D8C9A9ABF7E2245A8 /* Pods-todo_app-todo_appUITests.debug.xcconfig */ = {isa = PBXFileReference; includeInIndex = 1; lastKnownFileType = text.xcconfig; name = "Pods-todo_app-todo_appUITests.debug.xcconfig"; path = "Target Support Files/Pods-todo_app-todo_appUITests/Pods-todo_app-todo_appUITests.debug.xcconfig"; sourceTree = "<group>"; };
		4F2401042C24C668008E5935 /* todo_app.app */ = {isa = PBXFileReference; explicitFileType = wrapper.application; includeInIndex = 0; path = todo_app.app; sourceTree = BUILT_PRODUCTS_DIR; };
		4F2401072C24C668008E5935 /* todo_appApp.swift */ = {isa = PBXFileReference; lastKnownFileType = sourcecode.swift; path = todo_appApp.swift; sourceTree = "<group>"; };
		4F24010B2C24C669008E5935 /* Assets.xcassets */ = {isa = PBXFileReference; lastKnownFileType = folder.assetcatalog; path = Assets.xcassets; sourceTree = "<group>"; };
		4F24010E2C24C669008E5935 /* Preview Assets.xcassets */ = {isa = PBXFileReference; lastKnownFileType = folder.assetcatalog; path = "Preview Assets.xcassets"; sourceTree = "<group>"; };
		4F2401142C24C669008E5935 /* todo_appTests.xctest */ = {isa = PBXFileReference; explicitFileType = wrapper.cfbundle; includeInIndex = 0; path = todo_appTests.xctest; sourceTree = BUILT_PRODUCTS_DIR; };
		4F24011E2C24C669008E5935 /* todo_appUITests.xctest */ = {isa = PBXFileReference; explicitFileType = wrapper.cfbundle; includeInIndex = 0; path = todo_appUITests.xctest; sourceTree = BUILT_PRODUCTS_DIR; };
		4F2401222C24C669008E5935 /* todo_appUITests.swift */ = {isa = PBXFileReference; lastKnownFileType = sourcecode.swift; path = todo_appUITests.swift; sourceTree = "<group>"; };
		4F2401242C24C669008E5935 /* todo_appUITestsLaunchTests.swift */ = {isa = PBXFileReference; lastKnownFileType = sourcecode.swift; path = todo_appUITestsLaunchTests.swift; sourceTree = "<group>"; };
		4F24013F2C25CD1C008E5935 /* TodoItemTests.swift */ = {isa = PBXFileReference; lastKnownFileType = sourcecode.swift; path = TodoItemTests.swift; sourceTree = "<group>"; };
		4F26FF052C35D5B0003FCE3A /* DateCollectionViewCell.swift */ = {isa = PBXFileReference; lastKnownFileType = sourcecode.swift; path = DateCollectionViewCell.swift; sourceTree = "<group>"; };
		4F26FF072C35DA15003FCE3A /* UIColor+hex.swift */ = {isa = PBXFileReference; lastKnownFileType = sourcecode.swift; path = "UIColor+hex.swift"; sourceTree = "<group>"; };
		4F26FF092C35DA9B003FCE3A /* Color+hex.swift */ = {isa = PBXFileReference; lastKnownFileType = sourcecode.swift; path = "Color+hex.swift"; sourceTree = "<group>"; };
		4F36DF832C34918200339684 /* CalendarViewController.swift */ = {isa = PBXFileReference; lastKnownFileType = sourcecode.swift; path = CalendarViewController.swift; sourceTree = "<group>"; };
		4F36DF862C34929B00339684 /* UIView+pin.swift */ = {isa = PBXFileReference; lastKnownFileType = sourcecode.swift; path = "UIView+pin.swift"; sourceTree = "<group>"; };
		4F36DF882C34983300339684 /* CalendarViewRepresentable.swift */ = {isa = PBXFileReference; lastKnownFileType = sourcecode.swift; path = CalendarViewRepresentable.swift; sourceTree = "<group>"; };
		4F36DF8A2C349CBF00339684 /* Date+getString.swift */ = {isa = PBXFileReference; lastKnownFileType = sourcecode.swift; path = "Date+getString.swift"; sourceTree = "<group>"; };
		4F7D23ED2C38BE3800831299 /* TodoLastRowButton.swift */ = {isa = PBXFileReference; lastKnownFileType = sourcecode.swift; path = TodoLastRowButton.swift; sourceTree = "<group>"; };
		4F7D23F32C38CAFB00831299 /* TodoItemTableViewCell.swift */ = {isa = PBXFileReference; lastKnownFileType = sourcecode.swift; path = TodoItemTableViewCell.swift; sourceTree = "<group>"; };
		4FA7AC232C41C462001F4CC2 /* URLSession+dataTask.swift */ = {isa = PBXFileReference; lastKnownFileType = sourcecode.swift; path = "URLSession+dataTask.swift"; sourceTree = "<group>"; };
		4FBB48272C373DF000E29CC5 /* TodoListViewModel.swift */ = {isa = PBXFileReference; lastKnownFileType = sourcecode.swift; path = TodoListViewModel.swift; sourceTree = "<group>"; };
		4FD483312C2EE8C500DED81A /* TodoListView.swift */ = {isa = PBXFileReference; lastKnownFileType = sourcecode.swift; path = TodoListView.swift; sourceTree = "<group>"; };
		4FD483352C2EEA0800DED81A /* Localizable.xcstrings */ = {isa = PBXFileReference; lastKnownFileType = text.json.xcstrings; path = Localizable.xcstrings; sourceTree = "<group>"; };
		4FD483382C2EF21700DED81A /* CommonAddButton.swift */ = {isa = PBXFileReference; lastKnownFileType = sourcecode.swift; path = CommonAddButton.swift; sourceTree = "<group>"; };
		4FD4833B2C2EF70B00DED81A /* TodoRowView.swift */ = {isa = PBXFileReference; lastKnownFileType = sourcecode.swift; path = TodoRowView.swift; sourceTree = "<group>"; };
		4FD4833E2C2F043000DED81A /* DetailsView.swift */ = {isa = PBXFileReference; lastKnownFileType = sourcecode.swift; path = DetailsView.swift; sourceTree = "<group>"; };
		4FD483402C2F1DDF00DED81A /* CommonImportancePickerView.swift */ = {isa = PBXFileReference; lastKnownFileType = sourcecode.swift; path = CommonImportancePickerView.swift; sourceTree = "<group>"; };
		4FD483422C2F235400DED81A /* CommonDatePickerView.swift */ = {isa = PBXFileReference; lastKnownFileType = sourcecode.swift; path = CommonDatePickerView.swift; sourceTree = "<group>"; };
		4FD483462C2F6B0000DED81A /* CommonColorPickerView.swift */ = {isa = PBXFileReference; lastKnownFileType = sourcecode.swift; path = CommonColorPickerView.swift; sourceTree = "<group>"; };
		4FFB22A32C41CD660054EE6F /* URLSessionTests.swift */ = {isa = PBXFileReference; lastKnownFileType = sourcecode.swift; path = URLSessionTests.swift; sourceTree = "<group>"; };
		591D8A4C31CBBED9D379DF1F /* Pods-todo_app.release.xcconfig */ = {isa = PBXFileReference; includeInIndex = 1; lastKnownFileType = text.xcconfig; name = "Pods-todo_app.release.xcconfig"; path = "Target Support Files/Pods-todo_app/Pods-todo_app.release.xcconfig"; sourceTree = "<group>"; };
		737A4E23150E3B0FF3829D02 /* Pods_todo_app_todo_appUITests.framework */ = {isa = PBXFileReference; explicitFileType = wrapper.framework; includeInIndex = 0; path = Pods_todo_app_todo_appUITests.framework; sourceTree = BUILT_PRODUCTS_DIR; };
		84DD08A74F5C62A20141A1F3 /* Pods_todo_app.framework */ = {isa = PBXFileReference; explicitFileType = wrapper.framework; includeInIndex = 0; path = Pods_todo_app.framework; sourceTree = BUILT_PRODUCTS_DIR; };
		9BA7F2129304226B0EFA20C7 /* Pods-todo_appTests.release.xcconfig */ = {isa = PBXFileReference; includeInIndex = 1; lastKnownFileType = text.xcconfig; name = "Pods-todo_appTests.release.xcconfig"; path = "Target Support Files/Pods-todo_appTests/Pods-todo_appTests.release.xcconfig"; sourceTree = "<group>"; };
		C5A8E8AE3060630491CDAE85 /* Pods-todo_app-todo_appUITests.release.xcconfig */ = {isa = PBXFileReference; includeInIndex = 1; lastKnownFileType = text.xcconfig; name = "Pods-todo_app-todo_appUITests.release.xcconfig"; path = "Target Support Files/Pods-todo_app-todo_appUITests/Pods-todo_app-todo_appUITests.release.xcconfig"; sourceTree = "<group>"; };
		C71F8D1F779338852E256DE8 /* Pods-todo_appTests.debug.xcconfig */ = {isa = PBXFileReference; includeInIndex = 1; lastKnownFileType = text.xcconfig; name = "Pods-todo_appTests.debug.xcconfig"; path = "Target Support Files/Pods-todo_appTests/Pods-todo_appTests.debug.xcconfig"; sourceTree = "<group>"; };
		EB60F888E237068BD99CB3BE /* Pods-todo_app.debug.xcconfig */ = {isa = PBXFileReference; includeInIndex = 1; lastKnownFileType = text.xcconfig; name = "Pods-todo_app.debug.xcconfig"; path = "Target Support Files/Pods-todo_app/Pods-todo_app.debug.xcconfig"; sourceTree = "<group>"; };
		F1724BEDD075BBA19BE0E849 /* Pods_todo_appTests.framework */ = {isa = PBXFileReference; explicitFileType = wrapper.framework; includeInIndex = 0; path = Pods_todo_appTests.framework; sourceTree = BUILT_PRODUCTS_DIR; };
/* End PBXFileReference section */

/* Begin PBXFrameworksBuildPhase section */
		4F2401012C24C668008E5935 /* Frameworks */ = {
			isa = PBXFrameworksBuildPhase;
			buildActionMask = 2147483647;
			files = (
				4FA7AC1F2C41BC20001F4CC2 /* FileCache in Frameworks */,
				4F04DD402C416A42008F98D3 /* CocoaLumberjackSwift in Frameworks */,
				4F04DD422C416A42008F98D3 /* CocoaLumberjackSwiftLogBackend in Frameworks */,
				4F04DD3E2C416A42008F98D3 /* CocoaLumberjack in Frameworks */,
				E6DE28B0EAE0844F554BD4E3 /* Pods_todo_app.framework in Frameworks */,
			);
			runOnlyForDeploymentPostprocessing = 0;
		};
		4F2401112C24C669008E5935 /* Frameworks */ = {
			isa = PBXFrameworksBuildPhase;
			buildActionMask = 2147483647;
			files = (
				52B65D74AE9D1D2254A58806 /* Pods_todo_appTests.framework in Frameworks */,
			);
			runOnlyForDeploymentPostprocessing = 0;
		};
		4F24011B2C24C669008E5935 /* Frameworks */ = {
			isa = PBXFrameworksBuildPhase;
			buildActionMask = 2147483647;
			files = (
				0CB865C3D4B47DA087E286C6 /* Pods_todo_app_todo_appUITests.framework in Frameworks */,
			);
			runOnlyForDeploymentPostprocessing = 0;
		};
/* End PBXFrameworksBuildPhase section */

/* Begin PBXGroup section */
		4F2400FB2C24C668008E5935 = {
			isa = PBXGroup;
			children = (
				4F2401062C24C668008E5935 /* todo_app */,
				4F2401172C24C669008E5935 /* todo_appTests */,
				4F2401212C24C669008E5935 /* todo_appUITests */,
				4F2401052C24C668008E5935 /* Products */,
				A74FF0675D86C36CAC9FE3A9 /* Pods */,
				CE0770629E44420E5DFD0DDD /* Frameworks */,
			);
			sourceTree = "<group>";
		};
		4F2401052C24C668008E5935 /* Products */ = {
			isa = PBXGroup;
			children = (
				4F2401042C24C668008E5935 /* todo_app.app */,
				4F2401142C24C669008E5935 /* todo_appTests.xctest */,
				4F24011E2C24C669008E5935 /* todo_appUITests.xctest */,
			);
			name = Products;
			sourceTree = "<group>";
		};
		4F2401062C24C668008E5935 /* todo_app */ = {
			isa = PBXGroup;
			children = (
				4FD4832F2C2EE88000DED81A /* Presentation */,
				4FD483342C2EE9A300DED81A /* Resources */,
				4F24010D2C24C669008E5935 /* Preview Content */,
			);
			path = todo_app;
			sourceTree = "<group>";
		};
		4F24010D2C24C669008E5935 /* Preview Content */ = {
			isa = PBXGroup;
			children = (
				4F24010E2C24C669008E5935 /* Preview Assets.xcassets */,
			);
			path = "Preview Content";
			sourceTree = "<group>";
		};
		4F2401172C24C669008E5935 /* todo_appTests */ = {
			isa = PBXGroup;
			children = (
				4F24013F2C25CD1C008E5935 /* TodoItemTests.swift */,
				4FFB22A32C41CD660054EE6F /* URLSessionTests.swift */,
			);
			path = todo_appTests;
			sourceTree = "<group>";
		};
		4F2401212C24C669008E5935 /* todo_appUITests */ = {
			isa = PBXGroup;
			children = (
				4F2401222C24C669008E5935 /* todo_appUITests.swift */,
				4F2401242C24C669008E5935 /* todo_appUITestsLaunchTests.swift */,
			);
			path = todo_appUITests;
			sourceTree = "<group>";
		};
		4F36DF822C3490F300339684 /* Calendar */ = {
			isa = PBXGroup;
			children = (
				4F36DF832C34918200339684 /* CalendarViewController.swift */,
				4F36DF882C34983300339684 /* CalendarViewRepresentable.swift */,
				4F26FF052C35D5B0003FCE3A /* DateCollectionViewCell.swift */,
				4F7D23F32C38CAFB00831299 /* TodoItemTableViewCell.swift */,
			);
			path = Calendar;
			sourceTree = "<group>";
		};
		4F36DF852C34929200339684 /* Extensions */ = {
			isa = PBXGroup;
			children = (
				4F36DF862C34929B00339684 /* UIView+pin.swift */,
				4F36DF8A2C349CBF00339684 /* Date+getString.swift */,
				4F26FF072C35DA15003FCE3A /* UIColor+hex.swift */,
				4F26FF092C35DA9B003FCE3A /* Color+hex.swift */,
				4FA7AC232C41C462001F4CC2 /* URLSession+dataTask.swift */,
			);
			path = Extensions;
			sourceTree = "<group>";
		};
		4F7D23EA2C3809B300831299 /* Common */ = {
			isa = PBXGroup;
			children = (
				4F36DF852C34929200339684 /* Extensions */,
				4FD483382C2EF21700DED81A /* CommonAddButton.swift */,
				4FD483422C2F235400DED81A /* CommonDatePickerView.swift */,
				4FD483402C2F1DDF00DED81A /* CommonImportancePickerView.swift */,
				4FD483462C2F6B0000DED81A /* CommonColorPickerView.swift */,
			);
			path = Common;
			sourceTree = "<group>";
		};
		4FD4832F2C2EE88000DED81A /* Presentation */ = {
			isa = PBXGroup;
			children = (
				4F2401072C24C668008E5935 /* todo_appApp.swift */,
				4F7D23EA2C3809B300831299 /* Common */,
				4F36DF822C3490F300339684 /* Calendar */,
				4FD483302C2EE88B00DED81A /* TodoList */,
			);
			path = Presentation;
			sourceTree = "<group>";
		};
		4FD483302C2EE88B00DED81A /* TodoList */ = {
			isa = PBXGroup;
			children = (
				4FD4833D2C2F041A00DED81A /* Details */,
				4FD4833A2C2EF6F500DED81A /* TodoRow */,
				4FD483312C2EE8C500DED81A /* TodoListView.swift */,
				4FBB48272C373DF000E29CC5 /* TodoListViewModel.swift */,
			);
			path = TodoList;
			sourceTree = "<group>";
		};
		4FD483342C2EE9A300DED81A /* Resources */ = {
			isa = PBXGroup;
			children = (
				4F24010B2C24C669008E5935 /* Assets.xcassets */,
				4FD483352C2EEA0800DED81A /* Localizable.xcstrings */,
			);
			path = Resources;
			sourceTree = "<group>";
		};
		4FD4833A2C2EF6F500DED81A /* TodoRow */ = {
			isa = PBXGroup;
			children = (
				4FD4833B2C2EF70B00DED81A /* TodoRowView.swift */,
				4F7D23ED2C38BE3800831299 /* TodoLastRowButton.swift */,
			);
			path = TodoRow;
			sourceTree = "<group>";
		};
		4FD4833D2C2F041A00DED81A /* Details */ = {
			isa = PBXGroup;
			children = (
				4FD4833E2C2F043000DED81A /* DetailsView.swift */,
			);
			path = Details;
			sourceTree = "<group>";
		};
		A74FF0675D86C36CAC9FE3A9 /* Pods */ = {
			isa = PBXGroup;
			children = (
				EB60F888E237068BD99CB3BE /* Pods-todo_app.debug.xcconfig */,
				591D8A4C31CBBED9D379DF1F /* Pods-todo_app.release.xcconfig */,
				4342AE9D8C9A9ABF7E2245A8 /* Pods-todo_app-todo_appUITests.debug.xcconfig */,
				C5A8E8AE3060630491CDAE85 /* Pods-todo_app-todo_appUITests.release.xcconfig */,
				C71F8D1F779338852E256DE8 /* Pods-todo_appTests.debug.xcconfig */,
				9BA7F2129304226B0EFA20C7 /* Pods-todo_appTests.release.xcconfig */,
			);
			path = Pods;
			sourceTree = "<group>";
		};
		CE0770629E44420E5DFD0DDD /* Frameworks */ = {
			isa = PBXGroup;
			children = (
				84DD08A74F5C62A20141A1F3 /* Pods_todo_app.framework */,
				737A4E23150E3B0FF3829D02 /* Pods_todo_app_todo_appUITests.framework */,
				F1724BEDD075BBA19BE0E849 /* Pods_todo_appTests.framework */,
			);
			name = Frameworks;
			sourceTree = "<group>";
		};
/* End PBXGroup section */

/* Begin PBXNativeTarget section */
		4F2401032C24C668008E5935 /* todo_app */ = {
			isa = PBXNativeTarget;
			buildConfigurationList = 4F2401282C24C669008E5935 /* Build configuration list for PBXNativeTarget "todo_app" */;
			buildPhases = (
				FA90E90B4FD639DE7E233556 /* [CP] Check Pods Manifest.lock */,
				4F2401002C24C668008E5935 /* Sources */,
				4F2401012C24C668008E5935 /* Frameworks */,
				4F2401022C24C668008E5935 /* Resources */,
				4FA7AC1C2C4178AB001F4CC2 /* Run SwiftLint */,
			);
			buildRules = (
			);
			dependencies = (
			);
			name = todo_app;
			packageProductDependencies = (
				4F04DD3D2C416A42008F98D3 /* CocoaLumberjack */,
				4F04DD3F2C416A42008F98D3 /* CocoaLumberjackSwift */,
				4F04DD412C416A42008F98D3 /* CocoaLumberjackSwiftLogBackend */,
				4FA7AC1E2C41BC20001F4CC2 /* FileCache */,
			);
			productName = todo_app;
			productReference = 4F2401042C24C668008E5935 /* todo_app.app */;
			productType = "com.apple.product-type.application";
		};
		4F2401132C24C669008E5935 /* todo_appTests */ = {
			isa = PBXNativeTarget;
			buildConfigurationList = 4F24012B2C24C669008E5935 /* Build configuration list for PBXNativeTarget "todo_appTests" */;
			buildPhases = (
				C2B72B366B07F1BC1F929E46 /* [CP] Check Pods Manifest.lock */,
				4F2401102C24C669008E5935 /* Sources */,
				4F2401112C24C669008E5935 /* Frameworks */,
				4F2401122C24C669008E5935 /* Resources */,
			);
			buildRules = (
			);
			dependencies = (
				4F2401162C24C669008E5935 /* PBXTargetDependency */,
			);
			name = todo_appTests;
			productName = todo_appTests;
			productReference = 4F2401142C24C669008E5935 /* todo_appTests.xctest */;
			productType = "com.apple.product-type.bundle.unit-test";
		};
		4F24011D2C24C669008E5935 /* todo_appUITests */ = {
			isa = PBXNativeTarget;
			buildConfigurationList = 4F24012E2C24C669008E5935 /* Build configuration list for PBXNativeTarget "todo_appUITests" */;
			buildPhases = (
				FBB578724C9D261BDB2C7C67 /* [CP] Check Pods Manifest.lock */,
				4F24011A2C24C669008E5935 /* Sources */,
				4F24011B2C24C669008E5935 /* Frameworks */,
				4F24011C2C24C669008E5935 /* Resources */,
			);
			buildRules = (
			);
			dependencies = (
				4F2401202C24C669008E5935 /* PBXTargetDependency */,
			);
			name = todo_appUITests;
			productName = todo_appUITests;
			productReference = 4F24011E2C24C669008E5935 /* todo_appUITests.xctest */;
			productType = "com.apple.product-type.bundle.ui-testing";
		};
/* End PBXNativeTarget section */

/* Begin PBXProject section */
		4F2400FC2C24C668008E5935 /* Project object */ = {
			isa = PBXProject;
			attributes = {
				BuildIndependentTargetsInParallel = 1;
				LastSwiftUpdateCheck = 1520;
				LastUpgradeCheck = 1520;
				TargetAttributes = {
					4F2401032C24C668008E5935 = {
						CreatedOnToolsVersion = 15.2;
					};
					4F2401132C24C669008E5935 = {
						CreatedOnToolsVersion = 15.2;
						TestTargetID = 4F2401032C24C668008E5935;
					};
					4F24011D2C24C669008E5935 = {
						CreatedOnToolsVersion = 15.2;
						TestTargetID = 4F2401032C24C668008E5935;
					};
				};
			};
			buildConfigurationList = 4F2400FF2C24C668008E5935 /* Build configuration list for PBXProject "todo_app" */;
			compatibilityVersion = "Xcode 14.0";
			developmentRegion = ru;
			hasScannedForEncodings = 0;
			knownRegions = (
				Base,
				ru,
			);
			mainGroup = 4F2400FB2C24C668008E5935;
			packageReferences = (
				4F04DD3C2C416A42008F98D3 /* XCRemoteSwiftPackageReference "CocoaLumberjack" */,
				4FA7AC1D2C41BC20001F4CC2 /* XCLocalSwiftPackageReference "FileCache" */,
			);
			productRefGroup = 4F2401052C24C668008E5935 /* Products */;
			projectDirPath = "";
			projectRoot = "";
			targets = (
				4F2401032C24C668008E5935 /* todo_app */,
				4F2401132C24C669008E5935 /* todo_appTests */,
				4F24011D2C24C669008E5935 /* todo_appUITests */,
			);
		};
/* End PBXProject section */

/* Begin PBXResourcesBuildPhase section */
		4F2401022C24C668008E5935 /* Resources */ = {
			isa = PBXResourcesBuildPhase;
			buildActionMask = 2147483647;
			files = (
				4F24010F2C24C669008E5935 /* Preview Assets.xcassets in Resources */,
				4F24010C2C24C669008E5935 /* Assets.xcassets in Resources */,
				4FD483362C2EEA0800DED81A /* Localizable.xcstrings in Resources */,
			);
			runOnlyForDeploymentPostprocessing = 0;
		};
		4F2401122C24C669008E5935 /* Resources */ = {
			isa = PBXResourcesBuildPhase;
			buildActionMask = 2147483647;
			files = (
			);
			runOnlyForDeploymentPostprocessing = 0;
		};
		4F24011C2C24C669008E5935 /* Resources */ = {
			isa = PBXResourcesBuildPhase;
			buildActionMask = 2147483647;
			files = (
			);
			runOnlyForDeploymentPostprocessing = 0;
		};
/* End PBXResourcesBuildPhase section */

/* Begin PBXShellScriptBuildPhase section */
		4FA7AC1C2C4178AB001F4CC2 /* Run SwiftLint */ = {
			isa = PBXShellScriptBuildPhase;
			alwaysOutOfDate = 1;
			buildActionMask = 2147483647;
			files = (
			);
			inputFileListPaths = (
			);
			inputPaths = (
			);
			name = "Run SwiftLint";
			outputFileListPaths = (
			);
			outputPaths = (
			);
			runOnlyForDeploymentPostprocessing = 0;
			shellPath = /bin/sh;
			shellScript = "chmod -x \"${SRCROOT}/.swiftlint.yml\"\n\nif command -v \"${PODS_ROOT}/SwiftLint/swiftlint\" >/dev/null 2>&1\nthen\n    \"${PODS_ROOT}/SwiftLint/swiftlint\"\nelse\n    echo \"warning: `swiftlint` command not found - See https://github.com/realm/SwiftLint#installation for installation instructions.\"\nfi\n";
		};
		C2B72B366B07F1BC1F929E46 /* [CP] Check Pods Manifest.lock */ = {
			isa = PBXShellScriptBuildPhase;
			buildActionMask = 2147483647;
			files = (
			);
			inputFileListPaths = (
			);
			inputPaths = (
				"${PODS_PODFILE_DIR_PATH}/Podfile.lock",
				"${PODS_ROOT}/Manifest.lock",
			);
			name = "[CP] Check Pods Manifest.lock";
			outputFileListPaths = (
			);
			outputPaths = (
				"$(DERIVED_FILE_DIR)/Pods-todo_appTests-checkManifestLockResult.txt",
			);
			runOnlyForDeploymentPostprocessing = 0;
			shellPath = /bin/sh;
			shellScript = "diff \"${PODS_PODFILE_DIR_PATH}/Podfile.lock\" \"${PODS_ROOT}/Manifest.lock\" > /dev/null\nif [ $? != 0 ] ; then\n    # print error to STDERR\n    echo \"error: The sandbox is not in sync with the Podfile.lock. Run 'pod install' or update your CocoaPods installation.\" >&2\n    exit 1\nfi\n# This output is used by Xcode 'outputs' to avoid re-running this script phase.\necho \"SUCCESS\" > \"${SCRIPT_OUTPUT_FILE_0}\"\n";
			showEnvVarsInLog = 0;
		};
		FA90E90B4FD639DE7E233556 /* [CP] Check Pods Manifest.lock */ = {
			isa = PBXShellScriptBuildPhase;
			buildActionMask = 2147483647;
			files = (
			);
			inputFileListPaths = (
			);
			inputPaths = (
				"${PODS_PODFILE_DIR_PATH}/Podfile.lock",
				"${PODS_ROOT}/Manifest.lock",
			);
			name = "[CP] Check Pods Manifest.lock";
			outputFileListPaths = (
			);
			outputPaths = (
				"$(DERIVED_FILE_DIR)/Pods-todo_app-checkManifestLockResult.txt",
			);
			runOnlyForDeploymentPostprocessing = 0;
			shellPath = /bin/sh;
			shellScript = "diff \"${PODS_PODFILE_DIR_PATH}/Podfile.lock\" \"${PODS_ROOT}/Manifest.lock\" > /dev/null\nif [ $? != 0 ] ; then\n    # print error to STDERR\n    echo \"error: The sandbox is not in sync with the Podfile.lock. Run 'pod install' or update your CocoaPods installation.\" >&2\n    exit 1\nfi\n# This output is used by Xcode 'outputs' to avoid re-running this script phase.\necho \"SUCCESS\" > \"${SCRIPT_OUTPUT_FILE_0}\"\n";
			showEnvVarsInLog = 0;
		};
		FBB578724C9D261BDB2C7C67 /* [CP] Check Pods Manifest.lock */ = {
			isa = PBXShellScriptBuildPhase;
			buildActionMask = 2147483647;
			files = (
			);
			inputFileListPaths = (
			);
			inputPaths = (
				"${PODS_PODFILE_DIR_PATH}/Podfile.lock",
				"${PODS_ROOT}/Manifest.lock",
			);
			name = "[CP] Check Pods Manifest.lock";
			outputFileListPaths = (
			);
			outputPaths = (
				"$(DERIVED_FILE_DIR)/Pods-todo_app-todo_appUITests-checkManifestLockResult.txt",
			);
			runOnlyForDeploymentPostprocessing = 0;
			shellPath = /bin/sh;
			shellScript = "diff \"${PODS_PODFILE_DIR_PATH}/Podfile.lock\" \"${PODS_ROOT}/Manifest.lock\" > /dev/null\nif [ $? != 0 ] ; then\n    # print error to STDERR\n    echo \"error: The sandbox is not in sync with the Podfile.lock. Run 'pod install' or update your CocoaPods installation.\" >&2\n    exit 1\nfi\n# This output is used by Xcode 'outputs' to avoid re-running this script phase.\necho \"SUCCESS\" > \"${SCRIPT_OUTPUT_FILE_0}\"\n";
			showEnvVarsInLog = 0;
		};
/* End PBXShellScriptBuildPhase section */

/* Begin PBXSourcesBuildPhase section */
		4F2401002C24C668008E5935 /* Sources */ = {
			isa = PBXSourcesBuildPhase;
			buildActionMask = 2147483647;
			files = (
				4FBB48282C373DF000E29CC5 /* TodoListViewModel.swift in Sources */,
				4F36DF842C34918200339684 /* CalendarViewController.swift in Sources */,
				4F7D23EE2C38BE3800831299 /* TodoLastRowButton.swift in Sources */,
				4FD4833F2C2F043000DED81A /* DetailsView.swift in Sources */,
				4FA7AC242C41C462001F4CC2 /* URLSession+dataTask.swift in Sources */,
				4FD483472C2F6B0000DED81A /* CommonColorPickerView.swift in Sources */,
				4FD4833C2C2EF70B00DED81A /* TodoRowView.swift in Sources */,
				4F26FF0A2C35DA9B003FCE3A /* Color+hex.swift in Sources */,
				4F36DF872C34929B00339684 /* UIView+pin.swift in Sources */,
				4FD483322C2EE8C500DED81A /* TodoListView.swift in Sources */,
				4FD483432C2F235400DED81A /* CommonDatePickerView.swift in Sources */,
				4F36DF8B2C349CBF00339684 /* Date+getString.swift in Sources */,
				4F7D23F42C38CAFB00831299 /* TodoItemTableViewCell.swift in Sources */,
				4F26FF062C35D5B0003FCE3A /* DateCollectionViewCell.swift in Sources */,
				4F36DF892C34983300339684 /* CalendarViewRepresentable.swift in Sources */,
				4FD483412C2F1DE000DED81A /* CommonImportancePickerView.swift in Sources */,
				4F26FF082C35DA15003FCE3A /* UIColor+hex.swift in Sources */,
				4FD483392C2EF21700DED81A /* CommonAddButton.swift in Sources */,
				4F2401082C24C668008E5935 /* todo_appApp.swift in Sources */,
			);
			runOnlyForDeploymentPostprocessing = 0;
		};
		4F2401102C24C669008E5935 /* Sources */ = {
			isa = PBXSourcesBuildPhase;
			buildActionMask = 2147483647;
			files = (
				4FFB22A42C41CD660054EE6F /* URLSessionTests.swift in Sources */,
				4F2401402C25CD1C008E5935 /* TodoItemTests.swift in Sources */,
			);
			runOnlyForDeploymentPostprocessing = 0;
		};
		4F24011A2C24C669008E5935 /* Sources */ = {
			isa = PBXSourcesBuildPhase;
			buildActionMask = 2147483647;
			files = (
				4F2401252C24C669008E5935 /* todo_appUITestsLaunchTests.swift in Sources */,
				4F2401232C24C669008E5935 /* todo_appUITests.swift in Sources */,
			);
			runOnlyForDeploymentPostprocessing = 0;
		};
/* End PBXSourcesBuildPhase section */

/* Begin PBXTargetDependency section */
		4F2401162C24C669008E5935 /* PBXTargetDependency */ = {
			isa = PBXTargetDependency;
			target = 4F2401032C24C668008E5935 /* todo_app */;
			targetProxy = 4F2401152C24C669008E5935 /* PBXContainerItemProxy */;
		};
		4F2401202C24C669008E5935 /* PBXTargetDependency */ = {
			isa = PBXTargetDependency;
			target = 4F2401032C24C668008E5935 /* todo_app */;
			targetProxy = 4F24011F2C24C669008E5935 /* PBXContainerItemProxy */;
		};
/* End PBXTargetDependency section */

/* Begin XCBuildConfiguration section */
		4F2401262C24C669008E5935 /* Debug */ = {
			isa = XCBuildConfiguration;
			buildSettings = {
				ALWAYS_SEARCH_USER_PATHS = NO;
				ASSETCATALOG_COMPILER_GENERATE_SWIFT_ASSET_SYMBOL_EXTENSIONS = YES;
				CLANG_ANALYZER_NONNULL = YES;
				CLANG_ANALYZER_NUMBER_OBJECT_CONVERSION = YES_AGGRESSIVE;
				CLANG_CXX_LANGUAGE_STANDARD = "gnu++20";
				CLANG_ENABLE_MODULES = YES;
				CLANG_ENABLE_OBJC_ARC = YES;
				CLANG_ENABLE_OBJC_WEAK = YES;
				CLANG_WARN_BLOCK_CAPTURE_AUTORELEASING = YES;
				CLANG_WARN_BOOL_CONVERSION = YES;
				CLANG_WARN_COMMA = YES;
				CLANG_WARN_CONSTANT_CONVERSION = YES;
				CLANG_WARN_DEPRECATED_OBJC_IMPLEMENTATIONS = YES;
				CLANG_WARN_DIRECT_OBJC_ISA_USAGE = YES_ERROR;
				CLANG_WARN_DOCUMENTATION_COMMENTS = YES;
				CLANG_WARN_EMPTY_BODY = YES;
				CLANG_WARN_ENUM_CONVERSION = YES;
				CLANG_WARN_INFINITE_RECURSION = YES;
				CLANG_WARN_INT_CONVERSION = YES;
				CLANG_WARN_NON_LITERAL_NULL_CONVERSION = YES;
				CLANG_WARN_OBJC_IMPLICIT_RETAIN_SELF = YES;
				CLANG_WARN_OBJC_LITERAL_CONVERSION = YES;
				CLANG_WARN_OBJC_ROOT_CLASS = YES_ERROR;
				CLANG_WARN_QUOTED_INCLUDE_IN_FRAMEWORK_HEADER = YES;
				CLANG_WARN_RANGE_LOOP_ANALYSIS = YES;
				CLANG_WARN_STRICT_PROTOTYPES = YES;
				CLANG_WARN_SUSPICIOUS_MOVE = YES;
				CLANG_WARN_UNGUARDED_AVAILABILITY = YES_AGGRESSIVE;
				CLANG_WARN_UNREACHABLE_CODE = YES;
				CLANG_WARN__DUPLICATE_METHOD_MATCH = YES;
				COPY_PHASE_STRIP = NO;
				DEBUG_INFORMATION_FORMAT = dwarf;
				ENABLE_STRICT_OBJC_MSGSEND = YES;
				ENABLE_TESTABILITY = YES;
				ENABLE_USER_SCRIPT_SANDBOXING = YES;
				GCC_C_LANGUAGE_STANDARD = gnu17;
				GCC_DYNAMIC_NO_PIC = NO;
				GCC_NO_COMMON_BLOCKS = YES;
				GCC_OPTIMIZATION_LEVEL = 0;
				GCC_PREPROCESSOR_DEFINITIONS = (
					"DEBUG=1",
					"$(inherited)",
				);
				GCC_WARN_64_TO_32_BIT_CONVERSION = YES;
				GCC_WARN_ABOUT_RETURN_TYPE = YES_ERROR;
				GCC_WARN_UNDECLARED_SELECTOR = YES;
				GCC_WARN_UNINITIALIZED_AUTOS = YES_AGGRESSIVE;
				GCC_WARN_UNUSED_FUNCTION = YES;
				GCC_WARN_UNUSED_VARIABLE = YES;
				IPHONEOS_DEPLOYMENT_TARGET = 17.2;
				LOCALIZATION_PREFERS_STRING_CATALOGS = YES;
				MTL_ENABLE_DEBUG_INFO = INCLUDE_SOURCE;
				MTL_FAST_MATH = YES;
				ONLY_ACTIVE_ARCH = YES;
				SDKROOT = iphoneos;
				SWIFT_ACTIVE_COMPILATION_CONDITIONS = "DEBUG $(inherited)";
				SWIFT_OPTIMIZATION_LEVEL = "-Onone";
			};
			name = Debug;
		};
		4F2401272C24C669008E5935 /* Release */ = {
			isa = XCBuildConfiguration;
			buildSettings = {
				ALWAYS_SEARCH_USER_PATHS = NO;
				ASSETCATALOG_COMPILER_GENERATE_SWIFT_ASSET_SYMBOL_EXTENSIONS = YES;
				CLANG_ANALYZER_NONNULL = YES;
				CLANG_ANALYZER_NUMBER_OBJECT_CONVERSION = YES_AGGRESSIVE;
				CLANG_CXX_LANGUAGE_STANDARD = "gnu++20";
				CLANG_ENABLE_MODULES = YES;
				CLANG_ENABLE_OBJC_ARC = YES;
				CLANG_ENABLE_OBJC_WEAK = YES;
				CLANG_WARN_BLOCK_CAPTURE_AUTORELEASING = YES;
				CLANG_WARN_BOOL_CONVERSION = YES;
				CLANG_WARN_COMMA = YES;
				CLANG_WARN_CONSTANT_CONVERSION = YES;
				CLANG_WARN_DEPRECATED_OBJC_IMPLEMENTATIONS = YES;
				CLANG_WARN_DIRECT_OBJC_ISA_USAGE = YES_ERROR;
				CLANG_WARN_DOCUMENTATION_COMMENTS = YES;
				CLANG_WARN_EMPTY_BODY = YES;
				CLANG_WARN_ENUM_CONVERSION = YES;
				CLANG_WARN_INFINITE_RECURSION = YES;
				CLANG_WARN_INT_CONVERSION = YES;
				CLANG_WARN_NON_LITERAL_NULL_CONVERSION = YES;
				CLANG_WARN_OBJC_IMPLICIT_RETAIN_SELF = YES;
				CLANG_WARN_OBJC_LITERAL_CONVERSION = YES;
				CLANG_WARN_OBJC_ROOT_CLASS = YES_ERROR;
				CLANG_WARN_QUOTED_INCLUDE_IN_FRAMEWORK_HEADER = YES;
				CLANG_WARN_RANGE_LOOP_ANALYSIS = YES;
				CLANG_WARN_STRICT_PROTOTYPES = YES;
				CLANG_WARN_SUSPICIOUS_MOVE = YES;
				CLANG_WARN_UNGUARDED_AVAILABILITY = YES_AGGRESSIVE;
				CLANG_WARN_UNREACHABLE_CODE = YES;
				CLANG_WARN__DUPLICATE_METHOD_MATCH = YES;
				COPY_PHASE_STRIP = NO;
				DEBUG_INFORMATION_FORMAT = "dwarf-with-dsym";
				ENABLE_NS_ASSERTIONS = NO;
				ENABLE_STRICT_OBJC_MSGSEND = YES;
				ENABLE_USER_SCRIPT_SANDBOXING = YES;
				GCC_C_LANGUAGE_STANDARD = gnu17;
				GCC_NO_COMMON_BLOCKS = YES;
				GCC_WARN_64_TO_32_BIT_CONVERSION = YES;
				GCC_WARN_ABOUT_RETURN_TYPE = YES_ERROR;
				GCC_WARN_UNDECLARED_SELECTOR = YES;
				GCC_WARN_UNINITIALIZED_AUTOS = YES_AGGRESSIVE;
				GCC_WARN_UNUSED_FUNCTION = YES;
				GCC_WARN_UNUSED_VARIABLE = YES;
				IPHONEOS_DEPLOYMENT_TARGET = 17.2;
				LOCALIZATION_PREFERS_STRING_CATALOGS = YES;
				MTL_ENABLE_DEBUG_INFO = NO;
				MTL_FAST_MATH = YES;
				SDKROOT = iphoneos;
				SWIFT_COMPILATION_MODE = wholemodule;
				VALIDATE_PRODUCT = YES;
			};
			name = Release;
		};
		4F2401292C24C669008E5935 /* Debug */ = {
			isa = XCBuildConfiguration;
			baseConfigurationReference = EB60F888E237068BD99CB3BE /* Pods-todo_app.debug.xcconfig */;
			buildSettings = {
				ASSETCATALOG_COMPILER_APPICON_NAME = AppIcon;
				ASSETCATALOG_COMPILER_GLOBAL_ACCENT_COLOR_NAME = AccentColor;
				CODE_SIGN_STYLE = Automatic;
				CURRENT_PROJECT_VERSION = 1;
				DEVELOPMENT_ASSET_PATHS = "\"todo_app/Preview Content\"";
				DEVELOPMENT_TEAM = 2H4VAW9HQQ;
				ENABLE_PREVIEWS = YES;
				ENABLE_USER_SCRIPT_SANDBOXING = NO;
				GENERATE_INFOPLIST_FILE = YES;
				INFOPLIST_KEY_CFBundleDisplayName = "Todo app";
				INFOPLIST_KEY_LSApplicationCategoryType = "public.app-category.productivity";
				INFOPLIST_KEY_UIApplicationSceneManifest_Generation = YES;
				INFOPLIST_KEY_UIApplicationSupportsIndirectInputEvents = YES;
				INFOPLIST_KEY_UILaunchScreen_Generation = YES;
				INFOPLIST_KEY_UISupportedInterfaceOrientations_iPad = "UIInterfaceOrientationPortrait UIInterfaceOrientationPortraitUpsideDown UIInterfaceOrientationLandscapeLeft UIInterfaceOrientationLandscapeRight";
				INFOPLIST_KEY_UISupportedInterfaceOrientations_iPhone = "UIInterfaceOrientationPortrait UIInterfaceOrientationLandscapeLeft UIInterfaceOrientationLandscapeRight";
				IPHONEOS_DEPLOYMENT_TARGET = 17.0;
				LD_RUNPATH_SEARCH_PATHS = (
					"$(inherited)",
					"@executable_path/Frameworks",
				);
				MARKETING_VERSION = 1.0;
				PRODUCT_BUNDLE_IDENTIFIER = "com.mvkuzn.todo-app1";
				PRODUCT_NAME = "$(TARGET_NAME)";
				SWIFT_EMIT_LOC_STRINGS = YES;
				SWIFT_STRICT_CONCURRENCY = complete;
				SWIFT_VERSION = 5.0;
				TARGETED_DEVICE_FAMILY = "1,2";
			};
			name = Debug;
		};
		4F24012A2C24C669008E5935 /* Release */ = {
			isa = XCBuildConfiguration;
			baseConfigurationReference = 591D8A4C31CBBED9D379DF1F /* Pods-todo_app.release.xcconfig */;
			buildSettings = {
				ASSETCATALOG_COMPILER_APPICON_NAME = AppIcon;
				ASSETCATALOG_COMPILER_GLOBAL_ACCENT_COLOR_NAME = AccentColor;
				CODE_SIGN_STYLE = Automatic;
				CURRENT_PROJECT_VERSION = 1;
				DEVELOPMENT_ASSET_PATHS = "\"todo_app/Preview Content\"";
				DEVELOPMENT_TEAM = 2H4VAW9HQQ;
				ENABLE_PREVIEWS = YES;
				ENABLE_USER_SCRIPT_SANDBOXING = NO;
				GENERATE_INFOPLIST_FILE = YES;
				INFOPLIST_KEY_CFBundleDisplayName = "Todo app";
				INFOPLIST_KEY_LSApplicationCategoryType = "public.app-category.productivity";
				INFOPLIST_KEY_UIApplicationSceneManifest_Generation = YES;
				INFOPLIST_KEY_UIApplicationSupportsIndirectInputEvents = YES;
				INFOPLIST_KEY_UILaunchScreen_Generation = YES;
				INFOPLIST_KEY_UISupportedInterfaceOrientations_iPad = "UIInterfaceOrientationPortrait UIInterfaceOrientationPortraitUpsideDown UIInterfaceOrientationLandscapeLeft UIInterfaceOrientationLandscapeRight";
				INFOPLIST_KEY_UISupportedInterfaceOrientations_iPhone = "UIInterfaceOrientationPortrait UIInterfaceOrientationLandscapeLeft UIInterfaceOrientationLandscapeRight";
				IPHONEOS_DEPLOYMENT_TARGET = 17.0;
				LD_RUNPATH_SEARCH_PATHS = (
					"$(inherited)",
					"@executable_path/Frameworks",
				);
				MARKETING_VERSION = 1.0;
				PRODUCT_BUNDLE_IDENTIFIER = "com.mvkuzn.todo-app1";
				PRODUCT_NAME = "$(TARGET_NAME)";
				SWIFT_EMIT_LOC_STRINGS = YES;
				SWIFT_STRICT_CONCURRENCY = complete;
				SWIFT_VERSION = 5.0;
				TARGETED_DEVICE_FAMILY = "1,2";
			};
			name = Release;
		};
		4F24012C2C24C669008E5935 /* Debug */ = {
			isa = XCBuildConfiguration;
			baseConfigurationReference = C71F8D1F779338852E256DE8 /* Pods-todo_appTests.debug.xcconfig */;
			buildSettings = {
				ALWAYS_EMBED_SWIFT_STANDARD_LIBRARIES = YES;
				BUNDLE_LOADER = "$(TEST_HOST)";
				CODE_SIGN_STYLE = Automatic;
				CURRENT_PROJECT_VERSION = 1;
				DEVELOPMENT_TEAM = 2H4VAW9HQQ;
				GENERATE_INFOPLIST_FILE = YES;
				IPHONEOS_DEPLOYMENT_TARGET = 17.2;
				MARKETING_VERSION = 1.0;
				PRODUCT_BUNDLE_IDENTIFIER = "com.mvkuzn.todo-appTests";
				PRODUCT_NAME = "$(TARGET_NAME)";
				SWIFT_EMIT_LOC_STRINGS = NO;
				SWIFT_VERSION = 5.0;
				TARGETED_DEVICE_FAMILY = "1,2";
				TEST_HOST = "$(BUILT_PRODUCTS_DIR)/todo_app.app/$(BUNDLE_EXECUTABLE_FOLDER_PATH)/todo_app";
			};
			name = Debug;
		};
		4F24012D2C24C669008E5935 /* Release */ = {
			isa = XCBuildConfiguration;
			baseConfigurationReference = 9BA7F2129304226B0EFA20C7 /* Pods-todo_appTests.release.xcconfig */;
			buildSettings = {
				ALWAYS_EMBED_SWIFT_STANDARD_LIBRARIES = YES;
				BUNDLE_LOADER = "$(TEST_HOST)";
				CODE_SIGN_STYLE = Automatic;
				CURRENT_PROJECT_VERSION = 1;
				DEVELOPMENT_TEAM = 2H4VAW9HQQ;
				GENERATE_INFOPLIST_FILE = YES;
				IPHONEOS_DEPLOYMENT_TARGET = 17.2;
				MARKETING_VERSION = 1.0;
				PRODUCT_BUNDLE_IDENTIFIER = "com.mvkuzn.todo-appTests";
				PRODUCT_NAME = "$(TARGET_NAME)";
				SWIFT_EMIT_LOC_STRINGS = NO;
				SWIFT_VERSION = 5.0;
				TARGETED_DEVICE_FAMILY = "1,2";
				TEST_HOST = "$(BUILT_PRODUCTS_DIR)/todo_app.app/$(BUNDLE_EXECUTABLE_FOLDER_PATH)/todo_app";
			};
			name = Release;
		};
		4F24012F2C24C669008E5935 /* Debug */ = {
			isa = XCBuildConfiguration;
			baseConfigurationReference = 4342AE9D8C9A9ABF7E2245A8 /* Pods-todo_app-todo_appUITests.debug.xcconfig */;
			buildSettings = {
				ALWAYS_EMBED_SWIFT_STANDARD_LIBRARIES = YES;
				CODE_SIGN_STYLE = Automatic;
				CURRENT_PROJECT_VERSION = 1;
				DEVELOPMENT_TEAM = 2H4VAW9HQQ;
				GENERATE_INFOPLIST_FILE = YES;
				MARKETING_VERSION = 1.0;
				PRODUCT_BUNDLE_IDENTIFIER = "com.mvkuzn.todo-appUITests";
				PRODUCT_NAME = "$(TARGET_NAME)";
				SWIFT_EMIT_LOC_STRINGS = NO;
				SWIFT_VERSION = 5.0;
				TARGETED_DEVICE_FAMILY = "1,2";
				TEST_TARGET_NAME = todo_app;
			};
			name = Debug;
		};
		4F2401302C24C669008E5935 /* Release */ = {
			isa = XCBuildConfiguration;
			baseConfigurationReference = C5A8E8AE3060630491CDAE85 /* Pods-todo_app-todo_appUITests.release.xcconfig */;
			buildSettings = {
				ALWAYS_EMBED_SWIFT_STANDARD_LIBRARIES = YES;
				CODE_SIGN_STYLE = Automatic;
				CURRENT_PROJECT_VERSION = 1;
				DEVELOPMENT_TEAM = 2H4VAW9HQQ;
				GENERATE_INFOPLIST_FILE = YES;
				MARKETING_VERSION = 1.0;
				PRODUCT_BUNDLE_IDENTIFIER = "com.mvkuzn.todo-appUITests";
				PRODUCT_NAME = "$(TARGET_NAME)";
				SWIFT_EMIT_LOC_STRINGS = NO;
				SWIFT_VERSION = 5.0;
				TARGETED_DEVICE_FAMILY = "1,2";
				TEST_TARGET_NAME = todo_app;
			};
			name = Release;
		};
/* End XCBuildConfiguration section */

/* Begin XCConfigurationList section */
		4F2400FF2C24C668008E5935 /* Build configuration list for PBXProject "todo_app" */ = {
			isa = XCConfigurationList;
			buildConfigurations = (
				4F2401262C24C669008E5935 /* Debug */,
				4F2401272C24C669008E5935 /* Release */,
			);
			defaultConfigurationIsVisible = 0;
			defaultConfigurationName = Release;
		};
		4F2401282C24C669008E5935 /* Build configuration list for PBXNativeTarget "todo_app" */ = {
			isa = XCConfigurationList;
			buildConfigurations = (
				4F2401292C24C669008E5935 /* Debug */,
				4F24012A2C24C669008E5935 /* Release */,
			);
			defaultConfigurationIsVisible = 0;
			defaultConfigurationName = Release;
		};
		4F24012B2C24C669008E5935 /* Build configuration list for PBXNativeTarget "todo_appTests" */ = {
			isa = XCConfigurationList;
			buildConfigurations = (
				4F24012C2C24C669008E5935 /* Debug */,
				4F24012D2C24C669008E5935 /* Release */,
			);
			defaultConfigurationIsVisible = 0;
			defaultConfigurationName = Release;
		};
		4F24012E2C24C669008E5935 /* Build configuration list for PBXNativeTarget "todo_appUITests" */ = {
			isa = XCConfigurationList;
			buildConfigurations = (
				4F24012F2C24C669008E5935 /* Debug */,
				4F2401302C24C669008E5935 /* Release */,
			);
			defaultConfigurationIsVisible = 0;
			defaultConfigurationName = Release;
		};
/* End XCConfigurationList section */

/* Begin XCLocalSwiftPackageReference section */
		4FA7AC1D2C41BC20001F4CC2 /* XCLocalSwiftPackageReference "FileCache" */ = {
			isa = XCLocalSwiftPackageReference;
			relativePath = FileCache;
		};
/* End XCLocalSwiftPackageReference section */

/* Begin XCRemoteSwiftPackageReference section */
		4F04DD3C2C416A42008F98D3 /* XCRemoteSwiftPackageReference "CocoaLumberjack" */ = {
			isa = XCRemoteSwiftPackageReference;
			repositoryURL = "https://github.com/CocoaLumberjack/CocoaLumberjack.git";
			requirement = {
				kind = upToNextMajorVersion;
				minimumVersion = 3.8.5;
			};
		};
/* End XCRemoteSwiftPackageReference section */

/* Begin XCSwiftPackageProductDependency section */
		4F04DD3D2C416A42008F98D3 /* CocoaLumberjack */ = {
			isa = XCSwiftPackageProductDependency;
			package = 4F04DD3C2C416A42008F98D3 /* XCRemoteSwiftPackageReference "CocoaLumberjack" */;
			productName = CocoaLumberjack;
		};
		4F04DD3F2C416A42008F98D3 /* CocoaLumberjackSwift */ = {
			isa = XCSwiftPackageProductDependency;
			package = 4F04DD3C2C416A42008F98D3 /* XCRemoteSwiftPackageReference "CocoaLumberjack" */;
			productName = CocoaLumberjackSwift;
		};
		4F04DD412C416A42008F98D3 /* CocoaLumberjackSwiftLogBackend */ = {
			isa = XCSwiftPackageProductDependency;
			package = 4F04DD3C2C416A42008F98D3 /* XCRemoteSwiftPackageReference "CocoaLumberjack" */;
			productName = CocoaLumberjackSwiftLogBackend;
		};
		4FA7AC1E2C41BC20001F4CC2 /* FileCache */ = {
			isa = XCSwiftPackageProductDependency;
			productName = FileCache;
		};
/* End XCSwiftPackageProductDependency section */
	};
	rootObject = 4F2400FC2C24C668008E5935 /* Project object */;
}
